# This file is automatically generated by cargo-component.
# It is not intended for manual editing.
version = 1

[[package]]
name = "wavs:worker"

[[package.version]]
requirement = "^0.3.0-alpha2"
version = "0.3.0-alpha2"
digest = "sha256:b551fdb5109fc5fd9cc2e08f42331a84172b9813235b88c47ed770ce32b05d09"
