# This file is automatically generated by cargo-component.
# It is not intended for manual editing.
version = 1

[[package]]
name = "wavs:worker"

[[package.version]]
requirement = "^0.3.0-beta"
version = "0.3.0-beta"
digest = "sha256:06d48547710cb1855dd9b96fbccfa4267321aa9faa1c818b5c0abeb3b0e930fc"
