{
  "name": "wavs-foundry-template",
  "lockfileVersion": 3,
  "requires": true,
  "packages": {
    "": {
      "dependencies": {
        "@openzeppelin/contracts": "^5.2.0",
        "@wavs/solidity": "^0.3.0-alpha2"
      }
    },
    "node_modules/@openzeppelin/contracts": {
      "version": "5.2.0",
      "resolved": "https://registry.npmjs.org/@openzeppelin/contracts/-/contracts-5.2.0.tgz",
      "integrity": "sha512-bxjNie5z89W1Ea0NZLZluFh8PrFNn9DH8DQlujEok2yjsOlraUPKID5p1Wk3qdNbf6XkQ1Os2RvfiHrrXLHWKA==",
      "license": "MIT"
    },
    "node_modules/@wavs/solidity": {
      "version": "0.3.0-alpha2",
      "resolved": "https://registry.npmjs.org/@wavs/solidity/-/solidity-0.3.0-alpha2.tgz",
      "integrity": "sha512-twxVpRZ8EoIOO69dQh7WpzqBkKXQfQnmZK4BqBVoc4WKs95I6PrpveymRzS3dmdKAC2VZBWW7jg65s8sA6oiRQ==",
      "license": "MIT"
    }
  }
}
